
Microsoft Visual Studio Solution File, Format Version 12.00
# Visual Studio Version 17
VisualStudioVersion = 17.2.32505.173
MinimumVisualStudioVersion = 10.0.40219.1
Project("{FAE04EC0-301F-11D3-BF4B-00C04F79EFBC}") = "Kvirin.Messages.Signal", "Kvirin.Messages.Signal.csproj", "{9E06F2ED-25DB-4052-963E-C1E941C8ADF3}"
EndProject
Global
	GlobalSection(SolutionConfigurationPlatforms) = preSolution
		Debug|Any CPU = Debug|Any CPU
		Release|Any CPU = Release|Any CPU
	EndGlobalSection
	GlobalSection(ProjectConfigurationPlatforms) = postSolution
		{9E06F2ED-25DB-4052-963E-C1E941C8ADF3}.Debug|Any CPU.ActiveCfg = Debug|Any CPU
		{9E06F2ED-25DB-4052-963E-C1E941C8ADF3}.Debug|Any CPU.Build.0 = Debug|Any CPU
		{9E06F2ED-25DB-4052-963E-C1E941C8ADF3}.Release|Any CPU.ActiveCfg = Release|Any CPU
		{9E06F2ED-25DB-4052-963E-C1E941C8ADF3}.Release|Any CPU.Build.0 = Release|Any CPU
	EndGlobalSection
	GlobalSection(SolutionProperties) = preSolution
		HideSolutionNode = FALSE
	EndGlobalSection
	GlobalSection(ExtensibilityGlobals) = postSolution
		SolutionGuid = {C1BBE5EA-AAB9-4AEB-9173-1DA672914041}
	EndGlobalSection
EndGlobal
